{
    "cobertura": {
        "net.sourceforge.cobertura:cobertura": {
            "locked": "2.1.1",
            "requested": "2.1.1"
        }
    },
    "compile": {
        "ch.qos.logback:logback-classic": {
            "locked": "1.1.7",
            "requested": "1.1.+"
        },
        "com.amazonaws:aws-java-sdk-autoscaling": {
            "locked": "1.11.9",
            "requested": "1.11.9"
        },
        "com.amazonaws:aws-java-sdk-cloudformation": {
            "locked": "1.11.9",
            "requested": "1.11.9"
        },
        "com.amazonaws:aws-java-sdk-ec2": {
            "locked": "1.11.9",
            "requested": "1.11.9"
        },
        "com.amazonaws:aws-java-sdk-iam": {
            "locked": "1.11.9",
            "requested": "1.11.9"
        },
        "com.amazonaws:aws-java-sdk-kms": {
            "locked": "1.11.9",
            "requested": "1.11.9"
        },
        "com.amazonaws:aws-java-sdk-s3": {
            "locked": "1.11.9",
            "requested": "1.11.9"
        },
        "com.amazonaws:aws-java-sdk-sts": {
            "locked": "1.11.9",
            "requested": "1.11.9"
        },
        "com.beust:jcommander": {
            "locked": "1.55",
            "requested": "1.55"
        },
        "com.fasterxml.jackson.core:jackson-annotations": {
            "locked": "2.7.6",
            "requested": "2.7.+"
        },
        "com.fasterxml.jackson.core:jackson-core": {
            "locked": "2.7.6",
            "requested": "2.7.+"
        },
        "com.fasterxml.jackson.core:jackson-databind": {
            "locked": "2.7.6",
            "requested": "2.7.+"
        },
        "com.github.spullara.mustache.java:compiler": {
            "locked": "0.9.2",
            "requested": "0.9.2"
        },
        "com.github.tomas-langer:chalk": {
            "locked": "1.0.2",
            "requested": "1.0.2"
        },
        "com.google.code.findbugs:jsr305": {
            "locked": "3.0.1",
            "requested": "3.0.+"
        },
        "com.google.inject:guice": {
            "locked": "4.0",
            "requested": "4.0"
        },
        "com.nike.cpe:vault-client": {
            "locked": "0.6.5",
            "requested": "0.6.5"
        },
        "com.squareup.okhttp3:okhttp": {
            "locked": "3.3.1",
            "requested": "3.3.1"
        },
        "commons-cli:commons-cli": {
            "locked": "1.3.1",
            "requested": "1.3.1"
        },
        "commons-io:commons-io": {
            "locked": "2.4",
            "requested": "2.4"
        },
        "commons-net:commons-net": {
            "locked": "3.4",
            "requested": "3.4"
        },
        "org.apache.commons:commons-compress": {
            "locked": "1.10",
            "requested": "1.10"
        },
        "org.apache.commons:commons-lang3": {
            "locked": "3.4",
            "requested": "3.4"
        },
        "org.slf4j:slf4j-api": {
            "locked": "1.7.21",
            "requested": "1.7.+"
        },
        "org.yaml:snakeyaml": {
            "locked": "1.17",
            "requested": "1.+"
        }
    },
    "default": {
        "ch.qos.logback:logback-classic": {
            "locked": "1.1.7",
            "requested": "1.1.+"
        },
        "com.amazonaws:aws-java-sdk-autoscaling": {
            "locked": "1.11.9",
            "requested": "1.11.9"
        },
        "com.amazonaws:aws-java-sdk-cloudformation": {
            "locked": "1.11.9",
            "requested": "1.11.9"
        },
        "com.amazonaws:aws-java-sdk-ec2": {
            "locked": "1.11.9",
            "requested": "1.11.9"
        },
        "com.amazonaws:aws-java-sdk-iam": {
            "locked": "1.11.9",
            "requested": "1.11.9"
        },
        "com.amazonaws:aws-java-sdk-kms": {
            "locked": "1.11.9",
            "requested": "1.11.9"
        },
        "com.amazonaws:aws-java-sdk-s3": {
            "locked": "1.11.9",
            "requested": "1.11.9"
        },
        "com.amazonaws:aws-java-sdk-sts": {
            "locked": "1.11.9",
            "requested": "1.11.9"
        },
        "com.beust:jcommander": {
            "locked": "1.55",
            "requested": "1.55"
        },
        "com.fasterxml.jackson.core:jackson-annotations": {
            "locked": "2.7.6",
            "requested": "2.7.+"
        },
        "com.fasterxml.jackson.core:jackson-core": {
            "locked": "2.7.6",
            "requested": "2.7.+"
        },
        "com.fasterxml.jackson.core:jackson-databind": {
            "locked": "2.7.6",
            "requested": "2.7.+"
        },
        "com.github.spullara.mustache.java:compiler": {
            "locked": "0.9.2",
            "requested": "0.9.2"
        },
        "com.github.tomas-langer:chalk": {
            "locked": "1.0.2",
            "requested": "1.0.2"
        },
        "com.google.code.findbugs:jsr305": {
            "locked": "3.0.1",
            "requested": "3.0.+"
        },
        "com.google.inject:guice": {
            "locked": "4.0",
            "requested": "4.0"
        },
        "com.nike.cpe:vault-client": {
            "locked": "0.6.5",
            "requested": "0.6.5"
        },
        "com.squareup.okhttp3:okhttp": {
            "locked": "3.3.1",
            "requested": "3.3.1"
        },
        "commons-cli:commons-cli": {
            "locked": "1.3.1",
            "requested": "1.3.1"
        },
        "commons-io:commons-io": {
            "locked": "2.4",
            "requested": "2.4"
        },
        "commons-net:commons-net": {
            "locked": "3.4",
            "requested": "3.4"
        },
        "org.apache.commons:commons-compress": {
            "locked": "1.10",
            "requested": "1.10"
        },
        "org.apache.commons:commons-lang3": {
            "locked": "3.4",
            "requested": "3.4"
        },
        "org.slf4j:slf4j-api": {
            "locked": "1.7.21",
            "requested": "1.7.+"
        },
        "org.yaml:snakeyaml": {
            "locked": "1.17",
            "requested": "1.+"
        }
    },
    "findbugs": {
        "com.google.code.findbugs:findbugs": {
            "locked": "3.0.1"
        }
    },
    "runtime": {
        "ch.qos.logback:logback-classic": {
            "locked": "1.1.7",
            "requested": "1.1.+"
        },
        "com.amazonaws:aws-java-sdk-autoscaling": {
            "locked": "1.11.9",
            "requested": "1.11.9"
        },
        "com.amazonaws:aws-java-sdk-cloudformation": {
            "locked": "1.11.9",
            "requested": "1.11.9"
        },
        "com.amazonaws:aws-java-sdk-ec2": {
            "locked": "1.11.9",
            "requested": "1.11.9"
        },
        "com.amazonaws:aws-java-sdk-iam": {
            "locked": "1.11.9",
            "requested": "1.11.9"
        },
        "com.amazonaws:aws-java-sdk-kms": {
            "locked": "1.11.9",
            "requested": "1.11.9"
        },
        "com.amazonaws:aws-java-sdk-s3": {
            "locked": "1.11.9",
            "requested": "1.11.9"
        },
        "com.amazonaws:aws-java-sdk-sts": {
            "locked": "1.11.9",
            "requested": "1.11.9"
        },
        "com.beust:jcommander": {
            "locked": "1.55",
            "requested": "1.55"
        },
        "com.fasterxml.jackson.core:jackson-annotations": {
            "locked": "2.7.6",
            "requested": "2.7.+"
        },
        "com.fasterxml.jackson.core:jackson-core": {
            "locked": "2.7.6",
            "requested": "2.7.+"
        },
        "com.fasterxml.jackson.core:jackson-databind": {
            "locked": "2.7.6",
            "requested": "2.7.+"
        },
        "com.github.spullara.mustache.java:compiler": {
            "locked": "0.9.2",
            "requested": "0.9.2"
        },
        "com.github.tomas-langer:chalk": {
            "locked": "1.0.2",
            "requested": "1.0.2"
        },
        "com.google.code.findbugs:jsr305": {
            "locked": "3.0.1",
            "requested": "3.0.+"
        },
        "com.google.inject:guice": {
            "locked": "4.0",
            "requested": "4.0"
        },
        "com.nike.cpe:vault-client": {
            "locked": "0.6.5",
            "requested": "0.6.5"
        },
        "com.squareup.okhttp3:okhttp": {
            "locked": "3.3.1",
            "requested": "3.3.1"
        },
        "commons-cli:commons-cli": {
            "locked": "1.3.1",
            "requested": "1.3.1"
        },
        "commons-io:commons-io": {
            "locked": "2.4",
            "requested": "2.4"
        },
        "commons-net:commons-net": {
            "locked": "3.4",
            "requested": "3.4"
        },
        "org.apache.commons:commons-compress": {
            "locked": "1.10",
            "requested": "1.10"
        },
        "org.apache.commons:commons-lang3": {
            "locked": "3.4",
            "requested": "3.4"
        },
        "org.slf4j:slf4j-api": {
            "locked": "1.7.21",
            "requested": "1.7.+"
        },
        "org.yaml:snakeyaml": {
            "locked": "1.17",
            "requested": "1.+"
        }
    },
    "testCompile": {
        "ch.qos.logback:logback-classic": {
            "locked": "1.1.7",
            "requested": "1.1.+"
        },
        "com.amazonaws:aws-java-sdk-autoscaling": {
            "locked": "1.11.9",
            "requested": "1.11.9"
        },
        "com.amazonaws:aws-java-sdk-cloudformation": {
            "locked": "1.11.9",
            "requested": "1.11.9"
        },
        "com.amazonaws:aws-java-sdk-ec2": {
            "locked": "1.11.9",
            "requested": "1.11.9"
        },
        "com.amazonaws:aws-java-sdk-iam": {
            "locked": "1.11.9",
            "requested": "1.11.9"
        },
        "com.amazonaws:aws-java-sdk-kms": {
            "locked": "1.11.9",
            "requested": "1.11.9"
        },
        "com.amazonaws:aws-java-sdk-s3": {
            "locked": "1.11.9",
            "requested": "1.11.9"
        },
        "com.amazonaws:aws-java-sdk-sts": {
            "locked": "1.11.9",
            "requested": "1.11.9"
        },
        "com.beust:jcommander": {
            "locked": "1.55",
            "requested": "1.55"
        },
        "com.fasterxml.jackson.core:jackson-annotations": {
            "locked": "2.7.6",
            "requested": "2.7.+"
        },
        "com.fasterxml.jackson.core:jackson-core": {
            "locked": "2.7.6",
            "requested": "2.7.+"
        },
        "com.fasterxml.jackson.core:jackson-databind": {
            "locked": "2.7.6",
            "requested": "2.7.+"
        },
        "com.github.spullara.mustache.java:compiler": {
            "locked": "0.9.2",
            "requested": "0.9.2"
        },
        "com.github.tomas-langer:chalk": {
            "locked": "1.0.2",
            "requested": "1.0.2"
        },
        "com.google.code.findbugs:jsr305": {
            "locked": "3.0.1",
            "requested": "3.0.+"
        },
        "com.google.inject:guice": {
            "locked": "4.0",
            "requested": "4.0"
        },
        "com.nike.cpe:vault-client": {
            "locked": "0.6.5",
            "requested": "0.6.5"
        },
        "com.squareup.okhttp3:okhttp": {
            "locked": "3.3.1",
            "requested": "3.3.1"
        },
        "commons-cli:commons-cli": {
            "locked": "1.3.1",
            "requested": "1.3.1"
        },
        "commons-io:commons-io": {
            "locked": "2.4",
            "requested": "2.4"
        },
        "commons-net:commons-net": {
            "locked": "3.4",
            "requested": "3.4"
        },
        "org.apache.commons:commons-compress": {
            "locked": "1.10",
            "requested": "1.10"
        },
        "org.apache.commons:commons-lang3": {
            "locked": "3.4",
            "requested": "3.4"
        },
        "org.slf4j:slf4j-api": {
            "locked": "1.7.21",
            "requested": "1.7.+"
        },
        "org.yaml:snakeyaml": {
            "locked": "1.17",
            "requested": "1.+"
        }
    },
    "testRuntime": {
        "ch.qos.logback:logback-classic": {
            "locked": "1.1.7",
            "requested": "1.1.+"
        },
        "com.amazonaws:aws-java-sdk-autoscaling": {
            "locked": "1.11.9",
            "requested": "1.11.9"
        },
        "com.amazonaws:aws-java-sdk-cloudformation": {
            "locked": "1.11.9",
            "requested": "1.11.9"
        },
        "com.amazonaws:aws-java-sdk-ec2": {
            "locked": "1.11.9",
            "requested": "1.11.9"
        },
        "com.amazonaws:aws-java-sdk-iam": {
            "locked": "1.11.9",
            "requested": "1.11.9"
        },
        "com.amazonaws:aws-java-sdk-kms": {
            "locked": "1.11.9",
            "requested": "1.11.9"
        },
        "com.amazonaws:aws-java-sdk-s3": {
            "locked": "1.11.9",
            "requested": "1.11.9"
        },
        "com.amazonaws:aws-java-sdk-sts": {
            "locked": "1.11.9",
            "requested": "1.11.9"
        },
        "com.beust:jcommander": {
            "locked": "1.55",
            "requested": "1.55"
        },
        "com.fasterxml.jackson.core:jackson-annotations": {
            "locked": "2.7.6",
            "requested": "2.7.+"
        },
        "com.fasterxml.jackson.core:jackson-core": {
            "locked": "2.7.6",
            "requested": "2.7.+"
        },
        "com.fasterxml.jackson.core:jackson-databind": {
            "locked": "2.7.6",
            "requested": "2.7.+"
        },
        "com.github.spullara.mustache.java:compiler": {
            "locked": "0.9.2",
            "requested": "0.9.2"
        },
        "com.github.tomas-langer:chalk": {
            "locked": "1.0.2",
            "requested": "1.0.2"
        },
        "com.google.code.findbugs:jsr305": {
            "locked": "3.0.1",
            "requested": "3.0.+"
        },
        "com.google.inject:guice": {
            "locked": "4.0",
            "requested": "4.0"
        },
        "com.nike.cpe:vault-client": {
            "locked": "0.6.5",
            "requested": "0.6.5"
        },
        "com.squareup.okhttp3:okhttp": {
            "locked": "3.3.1",
            "requested": "3.3.1"
        },
        "commons-cli:commons-cli": {
            "locked": "1.3.1",
            "requested": "1.3.1"
        },
        "commons-io:commons-io": {
            "locked": "2.4",
            "requested": "2.4"
        },
        "commons-net:commons-net": {
            "locked": "3.4",
            "requested": "3.4"
        },
        "org.apache.commons:commons-compress": {
            "locked": "1.10",
            "requested": "1.10"
        },
        "org.apache.commons:commons-lang3": {
            "locked": "3.4",
            "requested": "3.4"
        },
        "org.slf4j:slf4j-api": {
            "locked": "1.7.21",
            "requested": "1.7.+"
        },
        "org.yaml:snakeyaml": {
            "locked": "1.17",
            "requested": "1.+"
        }
    }
}
